<?xml version="1.0" encoding="utf-8"?>
<Project ToolsVersion="4.0" xmlns="http://schemas.microsoft.com/developer/msbuild/2003">
  <ItemGroup>
    <Filter Include="Level">
      <UniqueIdentifier>{6a914c91-7f78-49c6-b52a-20c9f5e298f7}</UniqueIdentifier>
    </Filter>
    <Filter Include="Title">
      <UniqueIdentifier>{6758b4ff-89ac-4e08-94ee-022823c25076}</UniqueIdentifier>
    </Filter>
    <Filter Include="Play">
      <UniqueIdentifier>{8034a241-63db-483b-b00c-01d1d49bbdd7}</UniqueIdentifier>
    </Filter>
    <Filter Include="Ending">
      <UniqueIdentifier>{14033693-3b00-46ed-b6af-a4761cd0232d}</UniqueIdentifier>
    </Filter>
  </ItemGroup>
  <ItemGroup>
    <ClInclude Include="TitleLevel.h">
      <Filter>Level</Filter>
    </ClInclude>
    <ClInclude Include="PlayLevel.h">
      <Filter>Level</Filter>
    </ClInclude>
    <ClInclude Include="EndingLevel.h">
      <Filter>Level</Filter>
    </ClInclude>
    <ClInclude Include="TitleLogo.h">
      <Filter>Title</Filter>
    </ClInclude>
    <ClInclude Include="Player.h">
      <Filter>Play</Filter>
    </ClInclude>
    <ClInclude Include="EndingCredit.h">
      <Filter>Ending</Filter>
    </ClInclude>
  </ItemGroup>
  <ItemGroup>
    <ClCompile Include="TitleLevel.cpp">
      <Filter>Level</Filter>
    </ClCompile>
    <ClCompile Include="PlayLevel.cpp">
      <Filter>Level</Filter>
    </ClCompile>
    <ClCompile Include="EndingLevel.cpp">
      <Filter>Level</Filter>
    </ClCompile>
    <ClCompile Include="TitleLogo.cpp">
      <Filter>Title</Filter>
    </ClCompile>
    <ClCompile Include="Player.cpp">
      <Filter>Play</Filter>
    </ClCompile>
    <ClCompile Include="EndingCredit.cpp">
      <Filter>Ending</Filter>
    </ClCompile>
  </ItemGroup>
</Project>