<?xml version="1.0" encoding="utf-8"?>
<Project ToolsVersion="4.0" xmlns="http://schemas.microsoft.com/developer/msbuild/2003">
  <ItemGroup>
    <Filter Include="Level">
      <UniqueIdentifier>{6a914c91-7f78-49c6-b52a-20c9f5e298f7}</UniqueIdentifier>
    </Filter>
    <Filter Include="Title">
      <UniqueIdentifier>{6758b4ff-89ac-4e08-94ee-022823c25076}</UniqueIdentifier>
    </Filter>
    <Filter Include="Play">
      <UniqueIdentifier>{8034a241-63db-483b-b00c-01d1d49bbdd7}</UniqueIdentifier>
    </Filter>
    <Filter Include="Ending">
      <UniqueIdentifier>{14033693-3b00-46ed-b6af-a4761cd0232d}</UniqueIdentifier>
    </Filter>
    <Filter Include="Play\Global">
      <UniqueIdentifier>{28c91243-31a0-47f7-aedd-e134ed296b15}</UniqueIdentifier>
    </Filter>
    <Filter Include="Play\Global\UI">
      <UniqueIdentifier>{c839c097-c4b1-489b-8dfc-16ff56f1ed90}</UniqueIdentifier>
    </Filter>
    <Filter Include="Level\Stage1">
      <UniqueIdentifier>{e64119aa-4939-4362-a1d3-9e409ec18219}</UniqueIdentifier>
    </Filter>
    <Filter Include="Play\Monster">
      <UniqueIdentifier>{88a48b28-6f44-429e-a7f3-e4043ad796a0}</UniqueIdentifier>
    </Filter>
    <Filter Include="Map">
      <UniqueIdentifier>{5c4203cd-9de7-4dca-a6c2-fe80f14b8526}</UniqueIdentifier>
    </Filter>
  </ItemGroup>
  <ItemGroup>
    <ClInclude Include="TitleLevel.h">
      <Filter>Level</Filter>
    </ClInclude>
    <ClInclude Include="PlayLevel.h">
      <Filter>Level</Filter>
    </ClInclude>
    <ClInclude Include="EndingLevel.h">
      <Filter>Level</Filter>
    </ClInclude>
    <ClInclude Include="Player.h">
      <Filter>Play</Filter>
    </ClInclude>
    <ClInclude Include="EndingCredit.h">
      <Filter>Ending</Filter>
    </ClInclude>
    <ClInclude Include="Mario.h" />
    <ClInclude Include="TitleBackGround.h">
      <Filter>Title</Filter>
    </ClInclude>
    <ClInclude Include="TopUI.h">
      <Filter>Play\Global\UI</Filter>
    </ClInclude>
    <ClInclude Include="Stage1.h">
      <Filter>Level\Stage1</Filter>
    </ClInclude>
    <ClInclude Include="Stage2.h">
      <Filter>Level\Stage1</Filter>
    </ClInclude>
    <ClInclude Include="Stage3.h">
      <Filter>Level\Stage1</Filter>
    </ClInclude>
    <ClInclude Include="Stage4.h">
      <Filter>Level\Stage1</Filter>
    </ClInclude>
    <ClInclude Include="UnderStage.h">
      <Filter>Level\Stage1</Filter>
    </ClInclude>
    <ClInclude Include="Trutle.h">
      <Filter>Play\Monster</Filter>
    </ClInclude>
    <ClInclude Include="Goomba.h">
      <Filter>Play\Monster</Filter>
    </ClInclude>
    <ClInclude Include="FlyingTurtle.h">
      <Filter>Play\Monster</Filter>
    </ClInclude>
    <ClInclude Include="Flower.h">
      <Filter>Play\Monster</Filter>
    </ClInclude>
    <ClInclude Include="Boss.h" />
    <ClInclude Include="TitleCharacter.h">
      <Filter>Title</Filter>
    </ClInclude>
    <ClInclude Include="Map1.h">
      <Filter>Map</Filter>
    </ClInclude>
    <ClInclude Include="PlayerAnimation.h" />
  </ItemGroup>
  <ItemGroup>
    <ClCompile Include="TitleLevel.cpp">
      <Filter>Level</Filter>
    </ClCompile>
    <ClCompile Include="PlayLevel.cpp">
      <Filter>Level</Filter>
    </ClCompile>
    <ClCompile Include="EndingLevel.cpp">
      <Filter>Level</Filter>
    </ClCompile>
    <ClCompile Include="Player.cpp">
      <Filter>Play</Filter>
    </ClCompile>
    <ClCompile Include="EndingCredit.cpp">
      <Filter>Ending</Filter>
    </ClCompile>
    <ClCompile Include="Mario.cpp" />
    <ClCompile Include="TitleBackGround.cpp">
      <Filter>Title</Filter>
    </ClCompile>
    <ClCompile Include="TopUI.cpp">
      <Filter>Play\Global\UI</Filter>
    </ClCompile>
    <ClCompile Include="Stage1.cpp">
      <Filter>Level\Stage1</Filter>
    </ClCompile>
    <ClCompile Include="Stage2.cpp">
      <Filter>Level\Stage1</Filter>
    </ClCompile>
    <ClCompile Include="Stage3.cpp">
      <Filter>Level\Stage1</Filter>
    </ClCompile>
    <ClCompile Include="Stage4.cpp">
      <Filter>Level\Stage1</Filter>
    </ClCompile>
    <ClCompile Include="UnderStage.cpp">
      <Filter>Level\Stage1</Filter>
    </ClCompile>
    <ClCompile Include="Trutle.cpp">
      <Filter>Play\Monster</Filter>
    </ClCompile>
    <ClCompile Include="Goomba.cpp">
      <Filter>Play\Monster</Filter>
    </ClCompile>
    <ClCompile Include="FlyingTurtle.cpp">
      <Filter>Play\Monster</Filter>
    </ClCompile>
    <ClCompile Include="Flower.cpp">
      <Filter>Play\Monster</Filter>
    </ClCompile>
    <ClCompile Include="Boss.cpp" />
    <ClCompile Include="TitleCharacter.cpp">
      <Filter>Title</Filter>
    </ClCompile>
    <ClCompile Include="Map1.cpp">
      <Filter>Map</Filter>
    </ClCompile>
    <ClCompile Include="PlayerAnimation.cpp" />
  </ItemGroup>
</Project>