<?xml version="1.0" encoding="utf-8"?>
<Project ToolsVersion="4.0" xmlns="http://schemas.microsoft.com/developer/msbuild/2003">
  <ItemGroup>
    <Filter Include="Level">
      <UniqueIdentifier>{6a914c91-7f78-49c6-b52a-20c9f5e298f7}</UniqueIdentifier>
    </Filter>
    <Filter Include="Title">
      <UniqueIdentifier>{6758b4ff-89ac-4e08-94ee-022823c25076}</UniqueIdentifier>
    </Filter>
    <Filter Include="Play">
      <UniqueIdentifier>{8034a241-63db-483b-b00c-01d1d49bbdd7}</UniqueIdentifier>
    </Filter>
    <Filter Include="Ending">
      <UniqueIdentifier>{14033693-3b00-46ed-b6af-a4761cd0232d}</UniqueIdentifier>
    </Filter>
    <Filter Include="Play\Global">
      <UniqueIdentifier>{28c91243-31a0-47f7-aedd-e134ed296b15}</UniqueIdentifier>
    </Filter>
    <Filter Include="Play\Global\UI">
      <UniqueIdentifier>{c839c097-c4b1-489b-8dfc-16ff56f1ed90}</UniqueIdentifier>
    </Filter>
    <Filter Include="Level\Stage1">
      <UniqueIdentifier>{e64119aa-4939-4362-a1d3-9e409ec18219}</UniqueIdentifier>
    </Filter>
    <Filter Include="Play\Monster">
      <UniqueIdentifier>{88a48b28-6f44-429e-a7f3-e4043ad796a0}</UniqueIdentifier>
    </Filter>
    <Filter Include="Map">
      <UniqueIdentifier>{5c4203cd-9de7-4dca-a6c2-fe80f14b8526}</UniqueIdentifier>
    </Filter>
    <Filter Include="Play\Global\UI\TimerNum">
      <UniqueIdentifier>{7e43a45f-be88-4472-9dce-d98ceebcd540}</UniqueIdentifier>
    </Filter>
    <Filter Include="Map\Block">
      <UniqueIdentifier>{bdcd58ad-d251-479e-a7d0-c23d289c4d13}</UniqueIdentifier>
    </Filter>
    <Filter Include="Map\Item">
      <UniqueIdentifier>{302ffeea-3f9f-4abf-ac87-636e41f5892b}</UniqueIdentifier>
    </Filter>
    <Filter Include="Play\TopUI">
      <UniqueIdentifier>{c084fb84-4381-4590-88d2-88a531f3e931}</UniqueIdentifier>
    </Filter>
    <Filter Include="Player">
      <UniqueIdentifier>{9b5fa49c-02c4-411c-a3a8-c4e003cd7eb0}</UniqueIdentifier>
    </Filter>
  </ItemGroup>
  <ItemGroup>
    <ClInclude Include="TitleLevel.h">
      <Filter>Level</Filter>
    </ClInclude>
    <ClInclude Include="EndingLevel.h">
      <Filter>Level</Filter>
    </ClInclude>
    <ClInclude Include="EndingCredit.h">
      <Filter>Ending</Filter>
    </ClInclude>
    <ClInclude Include="Mario.h" />
    <ClInclude Include="TitleBackGround.h">
      <Filter>Title</Filter>
    </ClInclude>
    <ClInclude Include="Stage1.h">
      <Filter>Level\Stage1</Filter>
    </ClInclude>
    <ClInclude Include="Stage2.h">
      <Filter>Level\Stage1</Filter>
    </ClInclude>
    <ClInclude Include="Stage3.h">
      <Filter>Level\Stage1</Filter>
    </ClInclude>
    <ClInclude Include="Stage4.h">
      <Filter>Level\Stage1</Filter>
    </ClInclude>
    <ClInclude Include="UnderStage.h">
      <Filter>Level\Stage1</Filter>
    </ClInclude>
    <ClInclude Include="Goomba.h">
      <Filter>Play\Monster</Filter>
    </ClInclude>
    <ClInclude Include="FlyingTurtle.h">
      <Filter>Play\Monster</Filter>
    </ClInclude>
    <ClInclude Include="Boss.h" />
    <ClInclude Include="TitleCharacter.h">
      <Filter>Title</Filter>
    </ClInclude>
    <ClInclude Include="Map1.h">
      <Filter>Map</Filter>
    </ClInclude>
    <ClInclude Include="Three.h">
      <Filter>Play\Global\UI\TimerNum</Filter>
    </ClInclude>
    <ClInclude Include="Block.h">
      <Filter>Map\Block</Filter>
    </ClInclude>
    <ClInclude Include="QuestionBlock.h">
      <Filter>Map\Block</Filter>
    </ClInclude>
    <ClInclude Include="BoxCoin.h">
      <Filter>Map\Item</Filter>
    </ClInclude>
    <ClInclude Include="Point100.h">
      <Filter>Play\Global\UI</Filter>
    </ClInclude>
    <ClInclude Include="Sound.h">
      <Filter>Play\Global\UI</Filter>
    </ClInclude>
    <ClInclude Include="Point200.h">
      <Filter>Play\Global\UI</Filter>
    </ClInclude>
    <ClInclude Include="StageIntro.h">
      <Filter>Level</Filter>
    </ClInclude>
    <ClInclude Include="LevelIntro.h">
      <Filter>Title</Filter>
    </ClInclude>
    <ClInclude Include="Coin.h">
      <Filter>Play\TopUI</Filter>
    </ClInclude>
    <ClInclude Include="Name.h">
      <Filter>Play\TopUI</Filter>
    </ClInclude>
    <ClInclude Include="Point.h">
      <Filter>Play\TopUI</Filter>
    </ClInclude>
    <ClInclude Include="TopUI.h">
      <Filter>Play\TopUI</Filter>
    </ClInclude>
    <ClInclude Include="WorldCount.h">
      <Filter>Play\TopUI</Filter>
    </ClInclude>
    <ClInclude Include="SecretBlock.h">
      <Filter>Map\Block</Filter>
    </ClInclude>
    <ClInclude Include="Secret10CoinBlock.h">
      <Filter>Map\Block</Filter>
    </ClInclude>
    <ClInclude Include="Pause.h">
      <Filter>Play\Global\UI</Filter>
    </ClInclude>
    <ClInclude Include="Castle.h">
      <Filter>Map\Block</Filter>
    </ClInclude>
    <ClInclude Include="flag.h">
      <Filter>Map\Block</Filter>
    </ClInclude>
    <ClInclude Include="UpMushroom.h">
      <Filter>Map\Item</Filter>
    </ClInclude>
    <ClInclude Include="UP1.h">
      <Filter>Play\Global\UI</Filter>
    </ClInclude>
    <ClInclude Include="UpMushroom2.h">
      <Filter>Map\Item</Filter>
    </ClInclude>
    <ClInclude Include="Player.h">
      <Filter>Player</Filter>
    </ClInclude>
    <ClInclude Include="BigPlayer.h">
      <Filter>Player</Filter>
    </ClInclude>
    <ClInclude Include="Mushroom.h">
      <Filter>Map\Item</Filter>
    </ClInclude>
    <ClInclude Include="Mushroom2.h">
      <Filter>Map\Item</Filter>
    </ClInclude>
    <ClInclude Include="BlockBreak.h">
      <Filter>Map\Block</Filter>
    </ClInclude>
    <ClInclude Include="Block2.h">
      <Filter>Map\Block</Filter>
    </ClInclude>
    <ClInclude Include="SecretBlockmushroom.h">
      <Filter>Map\Block</Filter>
    </ClInclude>
    <ClInclude Include="Turtle.h">
      <Filter>Play\Monster</Filter>
    </ClInclude>
    <ClInclude Include="TurtleDead.h">
      <Filter>Play\Monster</Filter>
    </ClInclude>
    <ClInclude Include="Flower.h">
      <Filter>Map\Item</Filter>
    </ClInclude>
    <ClInclude Include="Point1000.h">
      <Filter>Play\Global\UI</Filter>
    </ClInclude>
    <ClInclude Include="Bullet.h">
      <Filter>Player</Filter>
    </ClInclude>
    <ClInclude Include="GoombaDead.h">
      <Filter>Play\Monster</Filter>
    </ClInclude>
    <ClInclude Include="TurtleDeath.h">
      <Filter>Play\Monster</Filter>
    </ClInclude>
  </ItemGroup>
  <ItemGroup>
    <ClCompile Include="TitleLevel.cpp">
      <Filter>Level</Filter>
    </ClCompile>
    <ClCompile Include="EndingLevel.cpp">
      <Filter>Level</Filter>
    </ClCompile>
    <ClCompile Include="EndingCredit.cpp">
      <Filter>Ending</Filter>
    </ClCompile>
    <ClCompile Include="Mario.cpp" />
    <ClCompile Include="TitleBackGround.cpp">
      <Filter>Title</Filter>
    </ClCompile>
    <ClCompile Include="Stage1.cpp">
      <Filter>Level\Stage1</Filter>
    </ClCompile>
    <ClCompile Include="Stage2.cpp">
      <Filter>Level\Stage1</Filter>
    </ClCompile>
    <ClCompile Include="Stage3.cpp">
      <Filter>Level\Stage1</Filter>
    </ClCompile>
    <ClCompile Include="Stage4.cpp">
      <Filter>Level\Stage1</Filter>
    </ClCompile>
    <ClCompile Include="UnderStage.cpp">
      <Filter>Level\Stage1</Filter>
    </ClCompile>
    <ClCompile Include="Goomba.cpp">
      <Filter>Play\Monster</Filter>
    </ClCompile>
    <ClCompile Include="FlyingTurtle.cpp">
      <Filter>Play\Monster</Filter>
    </ClCompile>
    <ClCompile Include="Boss.cpp" />
    <ClCompile Include="TitleCharacter.cpp">
      <Filter>Title</Filter>
    </ClCompile>
    <ClCompile Include="Map1.cpp">
      <Filter>Map</Filter>
    </ClCompile>
    <ClCompile Include="Three.cpp">
      <Filter>Play\Global\UI\TimerNum</Filter>
    </ClCompile>
    <ClCompile Include="Block.cpp">
      <Filter>Map\Block</Filter>
    </ClCompile>
    <ClCompile Include="QuestionBlock.cpp">
      <Filter>Map\Block</Filter>
    </ClCompile>
    <ClCompile Include="BoxCoin.cpp">
      <Filter>Map\Item</Filter>
    </ClCompile>
    <ClCompile Include="Point100.cpp">
      <Filter>Play\Global\UI</Filter>
    </ClCompile>
    <ClCompile Include="Sound.cpp">
      <Filter>Play\Global\UI</Filter>
    </ClCompile>
    <ClCompile Include="Point200.cpp">
      <Filter>Play\Global\UI</Filter>
    </ClCompile>
    <ClCompile Include="StageIntro.cpp">
      <Filter>Level</Filter>
    </ClCompile>
    <ClCompile Include="LevelIntro.cpp">
      <Filter>Title</Filter>
    </ClCompile>
    <ClCompile Include="Coin.cpp">
      <Filter>Play\TopUI</Filter>
    </ClCompile>
    <ClCompile Include="Name.cpp">
      <Filter>Play\TopUI</Filter>
    </ClCompile>
    <ClCompile Include="Point.cpp">
      <Filter>Play\TopUI</Filter>
    </ClCompile>
    <ClCompile Include="TopUI.cpp">
      <Filter>Play\TopUI</Filter>
    </ClCompile>
    <ClCompile Include="WorldCount.cpp">
      <Filter>Play\TopUI</Filter>
    </ClCompile>
    <ClCompile Include="SecretBlock.cpp">
      <Filter>Map\Block</Filter>
    </ClCompile>
    <ClCompile Include="Secret10CoinBlock.cpp">
      <Filter>Map\Block</Filter>
    </ClCompile>
    <ClCompile Include="Pause.cpp">
      <Filter>Play\Global\UI</Filter>
    </ClCompile>
    <ClCompile Include="Castle.cpp">
      <Filter>Map\Block</Filter>
    </ClCompile>
    <ClCompile Include="flag.cpp">
      <Filter>Map\Block</Filter>
    </ClCompile>
    <ClCompile Include="UpMushroom.cpp">
      <Filter>Map\Item</Filter>
    </ClCompile>
    <ClCompile Include="UP1.cpp">
      <Filter>Play\Global\UI</Filter>
    </ClCompile>
    <ClCompile Include="UpMushroom2.cpp">
      <Filter>Map\Item</Filter>
    </ClCompile>
    <ClCompile Include="Player.cpp">
      <Filter>Player</Filter>
    </ClCompile>
    <ClCompile Include="BigPlayer.cpp">
      <Filter>Player</Filter>
    </ClCompile>
    <ClCompile Include="Mushroom.cpp">
      <Filter>Map\Item</Filter>
    </ClCompile>
    <ClCompile Include="Mushroom2.cpp">
      <Filter>Map\Item</Filter>
    </ClCompile>
    <ClCompile Include="BlockBreak.cpp">
      <Filter>Map\Block</Filter>
    </ClCompile>
    <ClCompile Include="Block2.cpp">
      <Filter>Map\Block</Filter>
    </ClCompile>
    <ClCompile Include="SecretBlockmushroom.cpp">
      <Filter>Map\Block</Filter>
    </ClCompile>
    <ClCompile Include="Turtle.cpp">
      <Filter>Play\Monster</Filter>
    </ClCompile>
    <ClCompile Include="TurtleDead.cpp">
      <Filter>Play\Monster</Filter>
    </ClCompile>
    <ClCompile Include="Flower.cpp">
      <Filter>Map\Item</Filter>
    </ClCompile>
    <ClCompile Include="Point1000.cpp">
      <Filter>Play\Global\UI</Filter>
    </ClCompile>
    <ClCompile Include="Bullet.cpp">
      <Filter>Player</Filter>
    </ClCompile>
    <ClCompile Include="GoombaDead.cpp">
      <Filter>Play\Monster</Filter>
    </ClCompile>
    <ClCompile Include="TurtleDeath.cpp">
      <Filter>Play\Monster</Filter>
    </ClCompile>
  </ItemGroup>
</Project>